
Microsoft Visual Studio Solution File, Format Version 12.00
Project("{FAE04EC0-301F-11D3-BF4B-00C04F79EFBC}") = "TddWorkshop2", "TddWorkshop2\TddWorkshop2.csproj", "{2A05D27F-CD10-4B7C-9C35-4D6A5842CA1F}"
EndProject
Project("{FAE04EC0-301F-11D3-BF4B-00C04F79EFBC}") = "TddWorkshop2.UnitTest", "TddWorkshop2.UnitTest\TddWorkshop2.UnitTest.csproj", "{8A562601-8124-4263-92A2-16C7BD1C68BC}"
EndProject
Global
	GlobalSection(SolutionConfigurationPlatforms) = preSolution
		Debug|Any CPU = Debug|Any CPU
		Release|Any CPU = Release|Any CPU
	EndGlobalSection
	GlobalSection(ProjectConfigurationPlatforms) = postSolution
		{2A05D27F-CD10-4B7C-9C35-4D6A5842CA1F}.Debug|Any CPU.ActiveCfg = Debug|Any CPU
		{2A05D27F-CD10-4B7C-9C35-4D6A5842CA1F}.Debug|Any CPU.Build.0 = Debug|Any CPU
		{2A05D27F-CD10-4B7C-9C35-4D6A5842CA1F}.Release|Any CPU.ActiveCfg = Release|Any CPU
		{2A05D27F-CD10-4B7C-9C35-4D6A5842CA1F}.Release|Any CPU.Build.0 = Release|Any CPU
		{8A562601-8124-4263-92A2-16C7BD1C68BC}.Debug|Any CPU.ActiveCfg = Debug|Any CPU
		{8A562601-8124-4263-92A2-16C7BD1C68BC}.Debug|Any CPU.Build.0 = Debug|Any CPU
		{8A562601-8124-4263-92A2-16C7BD1C68BC}.Release|Any CPU.ActiveCfg = Release|Any CPU
		{8A562601-8124-4263-92A2-16C7BD1C68BC}.Release|Any CPU.Build.0 = Release|Any CPU
	EndGlobalSection
EndGlobal
